{
  "nodes": {
    "containerd-src": {
      "flake": false,
      "locked": {
        "lastModified": 1790362069,
        "narHash": "sha256-us9WZSSUuxzXHjtJ13iDazRQqsLfkShuN4wpBTHw5XU=",
        "ref": "refs/heads/main",
        "rev": "1ad78b552ca716aa3d2dff09005fcf149f3722c9",
        "revCount": 17121,
        "type": "git",
        "url": "https://github.com/containerd/containerd"
      },
      "original": {
        "rev": "1ad78b552ca716aa3d2dff09005fcf149f3722c9",
        "type": "git",
        "url": "https://github.com/containerd/containerd"
      }
    },
    "cri-o-src": {
      "flake": false,
      "locked": {
        "lastModified": 1790698934,
        "narHash": "sha256-pDZ+raxt4k7TrtevAC5RXt8H8k72/ABhATvFJGbMCKs=",
        "ref": "refs/heads/main",
        "rev": "c297e202b5400538dcb034fd0dcd398be90b420d",
        "revCount": 10960,
        "type": "git",
        "url": "https://github.com/cri-o/cri-o"
      },
      "original": {
        "rev": "c297e202b5400538dcb034fd0dcd398be90b420d",
        "type": "git",
        "url": "https://github.com/cri-o/cri-o"
      }
    },
    "kubernetes-src": {
      "flake": false,
      "locked": {
        "lastModified": 1790362345,
        "narHash": "sha256-r1YZZIlr8ZSh539emlA15EcvejpbYMdPrSbnOk4J7Dk=",
        "ref": "refs/heads/master",
        "rev": "7811d7b62963ce2b8a8c1e03dd7fd70251107092",
        "revCount": 141519,
        "type": "git",
        "url": "https://github.com/kubernetes/kubernetes"
      },
      "original": {
        "rev": "7811d7b62963ce2b8a8c1e03dd7fd70251107092",
        "type": "git",
        "url": "https://github.com/kubernetes/kubernetes"
      }
    },
    "nixpkgs": {
      "locked": {
        "lastModified": 1789073787,
        "narHash": "sha256-xfX/toC2QV707s06GbP4II/TxYF0fNQj7s5/LClNDKc=",
        "owner": "NixOS",
        "repo": "nixpkgs",
        "rev": "aff8a0b28396750446e5537a96461bc4facdb287",
        "type": "github"
      },
      "original": {
        "owner": "NixOS",
        "repo": "nixpkgs",
        "rev": "aff8a0b28396750446e5537a96461bc4facdb287",
        "type": "github"
      }
    },
    "nixpkgs_2": {
      "locked": {
        "lastModified": 1790822859,
        "narHash": "sha256-69xHQhAeMAD2wDXO7T2pcOZIF9Sga2W+JkmY2a11Ops=",
        "owner": "nixos",
        "repo": "nixpkgs",
        "rev": "c59305bab2065cfecc4944690d9eedbb56f3a9fa",
        "type": "github"
      },
      "original": {
        "owner": "nixos",
        "ref": "nixos-unstable",
        "repo": "nixpkgs",
        "type": "github"
      }
    },
    "root": {
      "inputs": {
        "containerd-src": "containerd-src",
        "cri-o-src": "cri-o-src",
        "kubernetes-src": "kubernetes-src",
        "nixpkgs": "nixpkgs",
        "vivarium": "vivarium"
      }
    },
    "vivarium": {
      "inputs": {
        "nixpkgs": "nixpkgs_2"
      },
      "locked": {
        "lastModified": 1790854322,
        "narHash": "sha256-xuIDPgjPy9hL4FKWdH1e9sWSpcy1oZa8CnNJZg1MTuM=",
        "owner": "Lillecarl",
        "repo": "vivarium",
        "rev": "8a47d52810937ae256f207aca086c3a810fc94f2",
        "type": "github"
      },
      "original": {
        "owner": "Lillecarl",
        "repo": "vivarium",
        "type": "github"
      }
    }
  },
  "root": "root",
  "version": 7
}
